// !$*UTF8*$!
{
	archiveVersion = 1;
	classes = {
	};
	objectVersion = 46;
	objects = {

/* Begin PBXBuildFile section */
		C43B19F21B44F3DB002F9F7E /* AppDelegate.swift in Sources */ = {isa = PBXBuildFile; fileRef = C43B19F11B44F3DB002F9F7E /* AppDelegate.swift */; };
		C43B19F41B44F3DB002F9F7E /* ViewController.swift in Sources */ = {isa = PBXBuildFile; fileRef = C43B19F31B44F3DB002F9F7E /* ViewController.swift */; };
		C43B19F71B44F3DB002F9F7E /* Main.storyboard in Resources */ = {isa = PBXBuildFile; fileRef = C43B19F51B44F3DB002F9F7E /* Main.storyboard */; };
		C43B19F91B44F3DB002F9F7E /* Images.xcassets in Resources */ = {isa = PBXBuildFile; fileRef = C43B19F81B44F3DB002F9F7E /* Images.xcassets */; };
		C43B19FC1B44F3DB002F9F7E /* LaunchScreen.xib in Resources */ = {isa = PBXBuildFile; fileRef = C43B19FA1B44F3DB002F9F7E /* LaunchScreen.xib */; };
		C43B1A081B44F3DB002F9F7E /* Postcard1Tests.swift in Sources */ = {isa = PBXBuildFile; fileRef = C43B1A071B44F3DB002F9F7E /* Postcard1Tests.swift */; };
/* End PBXBuildFile section */

/* Begin PBXContainerItemProxy section */
		C43B1A021B44F3DB002F9F7E /* PBXContainerItemProxy */ = {
			isa = PBXContainerItemProxy;
			containerPortal = C43B19E41B44F3DB002F9F7E /* Project object */;
			proxyType = 1;
			remoteGlobalIDString = C43B19EB1B44F3DB002F9F7E;
			remoteInfo = Postcard1;
		};
/* End PBXContainerItemProxy section */

/* Begin PBXFileReference section */
		C43B19EC1B44F3DB002F9F7E /* Postcard1.app */ = {isa = PBXFileReference; explicitFileType = wrapper.application; includeInIndex = 0; path = Postcard1.app; sourceTree = BUILT_PRODUCTS_DIR; };
		C43B19F01B44F3DB002F9F7E /* Info.plist */ = {isa = PBXFileReference; lastKnownFileType = text.plist.xml; path = Info.plist; sourceTree = "<group>"; };
		C43B19F11B44F3DB002F9F7E /* AppDelegate.swift */ = {isa = PBXFileReference; lastKnownFileType = sourcecode.swift; path = AppDelegate.swift; sourceTree = "<group>"; };
		C43B19F31B44F3DB002F9F7E /* ViewController.swift */ = {isa = PBXFileReference; lastKnownFileType = sourcecode.swift; path = ViewController.swift; sourceTree = "<group>"; };
		C43B19F61B44F3DB002F9F7E /* Base */ = {isa = PBXFileReference; lastKnownFileType = file.storyboard; name = Base; path = Base.lproj/Main.storyboard; sourceTree = "<group>"; };
		C43B19F81B44F3DB002F9F7E /* Images.xcassets */ = {isa = PBXFileReference; lastKnownFileType = folder.assetcatalog; path = Images.xcassets; sourceTree = "<group>"; };
		C43B19FB1B44F3DB002F9F7E /* Base */ = {isa = PBXFileReference; lastKnownFileType = file.xib; name = Base; path = Base.lproj/LaunchScreen.xib; sourceTree = "<group>"; };
		C43B1A011B44F3DB002F9F7E /* Postcard1Tests.xctest */ = {isa = PBXFileReference; explicitFileType = wrapper.cfbundle; includeInIndex = 0; path = Postcard1Tests.xctest; sourceTree = BUILT_PRODUCTS_DIR; };
		C43B1A061B44F3DB002F9F7E /* Info.plist */ = {isa = PBXFileReference; lastKnownFileType = text.plist.xml; path = Info.plist; sourceTree = "<group>"; };
		C43B1A071B44F3DB002F9F7E /* Postcard1Tests.swift */ = {isa = PBXFileReference; lastKnownFileType = sourcecode.swift; path = Postcard1Tests.swift; sourceTree = "<group>"; };
/* End PBXFileReference section */

/* Begin PBXFrameworksBuildPhase section */
		C43B19E91B44F3DB002F9F7E /* Frameworks */ = {
			isa = PBXFrameworksBuildPhase;
			buildActionMask = 2147483647;
			files = (
			);
			runOnlyForDeploymentPostprocessing = 0;
		};
		C43B19FE1B44F3DB002F9F7E /* Frameworks */ = {
			isa = PBXFrameworksBuildPhase;
			buildActionMask = 2147483647;
			files = (
			);
			runOnlyForDeploymentPostprocessing = 0;
		};
/* End PBXFrameworksBuildPhase section */

/* Begin PBXGroup section */
		C43B19E31B44F3DB002F9F7E = {
			isa = PBXGroup;
			children = (
				C43B19EE1B44F3DB002F9F7E /* Postcard1 */,
				C43B1A041B44F3DB002F9F7E /* Postcard1Tests */,
				C43B19ED1B44F3DB002F9F7E /* Products */,
			);
			sourceTree = "<group>";
		};
		C43B19ED1B44F3DB002F9F7E /* Products */ = {
			isa = PBXGroup;
			children = (
				C43B19EC1B44F3DB002F9F7E /* Postcard1.app */,
				C43B1A011B44F3DB002F9F7E /* Postcard1Tests.xctest */,
			);
			name = Products;
			sourceTree = "<group>";
		};
		C43B19EE1B44F3DB002F9F7E /* Postcard1 */ = {
			isa = PBXGroup;
			children = (
				C43B19F11B44F3DB002F9F7E /* AppDelegate.swift */,
				C43B19F31B44F3DB002F9F7E /* ViewController.swift */,
				C43B19F51B44F3DB002F9F7E /* Main.storyboard */,
				C43B19F81B44F3DB002F9F7E /* Images.xcassets */,
				C43B19FA1B44F3DB002F9F7E /* LaunchScreen.xib */,
				C43B19EF1B44F3DB002F9F7E /* Supporting Files */,
			);
			path = Postcard1;
			sourceTree = "<group>";
		};
		C43B19EF1B44F3DB002F9F7E /* Supporting Files */ = {
			isa = PBXGroup;
			children = (
				C43B19F01B44F3DB002F9F7E /* Info.plist */,
			);
			name = "Supporting Files";
			sourceTree = "<group>";
		};
		C43B1A041B44F3DB002F9F7E /* Postcard1Tests */ = {
			isa = PBXGroup;
			children = (
				C43B1A071B44F3DB002F9F7E /* Postcard1Tests.swift */,
				C43B1A051B44F3DB002F9F7E /* Supporting Files */,
			);
			path = Postcard1Tests;
			sourceTree = "<group>";
		};
		C43B1A051B44F3DB002F9F7E /* Supporting Files */ = {
			isa = PBXGroup;
			children = (
				C43B1A061B44F3DB002F9F7E /* Info.plist */,
			);
			name = "Supporting Files";
			sourceTree = "<group>";
		};
/* End PBXGroup section */

/* Begin PBXNativeTarget section */
		C43B19EB1B44F3DB002F9F7E /* Postcard1 */ = {
			isa = PBXNativeTarget;
			buildConfigurationList = C43B1A0B1B44F3DB002F9F7E /* Build configuration list for PBXNativeTarget "Postcard1" */;
			buildPhases = (
				C43B19E81B44F3DB002F9F7E /* Sources */,
				C43B19E91B44F3DB002F9F7E /* Frameworks */,
				C43B19EA1B44F3DB002F9F7E /* Resources */,
			);
			buildRules = (
			);
			dependencies = (
			);
			name = Postcard1;
			productName = Postcard1;
			productReference = C43B19EC1B44F3DB002F9F7E /* Postcard1.app */;
			productType = "com.apple.product-type.application";
		};
		C43B1A001B44F3DB002F9F7E /* Postcard1Tests */ = {
			isa = PBXNativeTarget;
			buildConfigurationList = C43B1A0E1B44F3DB002F9F7E /* Build configuration list for PBXNativeTarget "Postcard1Tests" */;
			buildPhases = (
				C43B19FD1B44F3DB002F9F7E /* Sources */,
				C43B19FE1B44F3DB002F9F7E /* Frameworks */,
				C43B19FF1B44F3DB002F9F7E /* Resources */,
			);
			buildRules = (
			);
			dependencies = (
				C43B1A031B44F3DB002F9F7E /* PBXTargetDependency */,
			);
			name = Postcard1Tests;
			productName = Postcard1Tests;
			productReference = C43B1A011B44F3DB002F9F7E /* Postcard1Tests.xctest */;
			productType = "com.apple.product-type.bundle.unit-test";
		};
/* End PBXNativeTarget section */

/* Begin PBXProject section */
		C43B19E41B44F3DB002F9F7E /* Project object */ = {
			isa = PBXProject;
			attributes = {
				LastUpgradeCheck = 0630;
				ORGANIZATIONNAME = "Dumb Blonde Software";
				TargetAttributes = {
					C43B19EB1B44F3DB002F9F7E = {
						CreatedOnToolsVersion = 6.3.2;
					};
					C43B1A001B44F3DB002F9F7E = {
						CreatedOnToolsVersion = 6.3.2;
						TestTargetID = C43B19EB1B44F3DB002F9F7E;
					};
				};
			};
			buildConfigurationList = C43B19E71B44F3DB002F9F7E /* Build configuration list for PBXProject "Postcard1" */;
			compatibilityVersion = "Xcode 3.2";
			developmentRegion = English;
			hasScannedForEncodings = 0;
			knownRegions = (
				en,
				Base,
			);
			mainGroup = C43B19E31B44F3DB002F9F7E;
			productRefGroup = C43B19ED1B44F3DB002F9F7E /* Products */;
			projectDirPath = "";
			projectRoot = "";
			targets = (
				C43B19EB1B44F3DB002F9F7E /* Postcard1 */,
				C43B1A001B44F3DB002F9F7E /* Postcard1Tests */,
			);
		};
/* End PBXProject section */

/* Begin PBXResourcesBuildPhase section */
		C43B19EA1B44F3DB002F9F7E /* Resources */ = {
			isa = PBXResourcesBuildPhase;
			buildActionMask = 2147483647;
			files = (
				C43B19F71B44F3DB002F9F7E /* Main.storyboard in Resources */,
				C43B19FC1B44F3DB002F9F7E /* LaunchScreen.xib in Resources */,
				C43B19F91B44F3DB002F9F7E /* Images.xcassets in Resources */,
			);
			runOnlyForDeploymentPostprocessing = 0;
		};
		C43B19FF1B44F3DB002F9F7E /* Resources */ = {
			isa = PBXResourcesBuildPhase;
			buildActionMask = 2147483647;
			files = (
			);
			runOnlyForDeploymentPostprocessing = 0;
		};
/* End PBXResourcesBuildPhase section */

/* Begin PBXSourcesBuildPhase section */
		C43B19E81B44F3DB002F9F7E /* Sources */ = {
			isa = PBXSourcesBuildPhase;
			buildActionMask = 2147483647;
			files = (
				C43B19F41B44F3DB002F9F7E /* ViewController.swift in Sources */,
				C43B19F21B44F3DB002F9F7E /* AppDelegate.swift in Sources */,
			);
			runOnlyForDeploymentPostprocessing = 0;
		};
		C43B19FD1B44F3DB002F9F7E /* Sources */ = {
			isa = PBXSourcesBuildPhase;
			buildActionMask = 2147483647;
			files = (
				C43B1A081B44F3DB002F9F7E /* Postcard1Tests.swift in Sources */,
			);
			runOnlyForDeploymentPostprocessing = 0;
		};
/* End PBXSourcesBuildPhase section */

/* Begin PBXTargetDependency section */
		C43B1A031B44F3DB002F9F7E /* PBXTargetDependency */ = {
			isa = PBXTargetDependency;
			target = C43B19EB1B44F3DB002F9F7E /* Postcard1 */;
			targetProxy = C43B1A021B44F3DB002F9F7E /* PBXContainerItemProxy */;
		};
/* End PBXTargetDependency section */

/* Begin PBXVariantGroup section */
		C43B19F51B44F3DB002F9F7E /* Main.storyboard */ = {
			isa = PBXVariantGroup;
			children = (
				C43B19F61B44F3DB002F9F7E /* Base */,
			);
			name = Main.storyboard;
			sourceTree = "<group>";
		};
		C43B19FA1B44F3DB002F9F7E /* LaunchScreen.xib */ = {
			isa = PBXVariantGroup;
			children = (
				C43B19FB1B44F3DB002F9F7E /* Base */,
			);
			name = LaunchScreen.xib;
			sourceTree = "<group>";
		};
/* End PBXVariantGroup section */

/* Begin XCBuildConfiguration section */
		C43B1A091B44F3DB002F9F7E /* Debug */ = {
			isa = XCBuildConfiguration;
			buildSettings = {
				ALWAYS_SEARCH_USER_PATHS = NO;
				CLANG_CXX_LANGUAGE_STANDARD = "gnu++0x";
				CLANG_CXX_LIBRARY = "libc++";
				CLANG_ENABLE_MODULES = YES;
				CLANG_ENABLE_OBJC_ARC = YES;
				CLANG_WARN_BOOL_CONVERSION = YES;
				CLANG_WARN_CONSTANT_CONVERSION = YES;
				CLANG_WARN_DIRECT_OBJC_ISA_USAGE = YES_ERROR;
				CLANG_WARN_EMPTY_BODY = YES;
				CLANG_WARN_ENUM_CONVERSION = YES;
				CLANG_WARN_INT_CONVERSION = YES;
				CLANG_WARN_OBJC_ROOT_CLASS = YES_ERROR;
				CLANG_WARN_UNREACHABLE_CODE = YES;
				CLANG_WARN__DUPLICATE_METHOD_MATCH = YES;
				"CODE_SIGN_IDENTITY[sdk=iphoneos*]" = "iPhone Developer";
				COPY_PHASE_STRIP = NO;
				DEBUG_INFORMATION_FORMAT = "dwarf-with-dsym";
				ENABLE_STRICT_OBJC_MSGSEND = YES;
				GCC_C_LANGUAGE_STANDARD = gnu99;
				GCC_DYNAMIC_NO_PIC = NO;
				GCC_NO_COMMON_BLOCKS = YES;
				GCC_OPTIMIZATION_LEVEL = 0;
				GCC_PREPROCESSOR_DEFINITIONS = (
					"DEBUG=1",
					"$(inherited)",
				);
				GCC_SYMBOLS_PRIVATE_EXTERN = NO;
				GCC_WARN_64_TO_32_BIT_CONVERSION = YES;
				GCC_WARN_ABOUT_RETURN_TYPE = YES_ERROR;
				GCC_WARN_UNDECLARED_SELECTOR = YES;
				GCC_WARN_UNINITIALIZED_AUTOS = YES_AGGRESSIVE;
				GCC_WARN_UNUSED_FUNCTION = YES;
				GCC_WARN_UNUSED_VARIABLE = YES;
				IPHONEOS_DEPLOYMENT_TARGET = 8.3;
				MTL_ENABLE_DEBUG_INFO = YES;
				ONLY_ACTIVE_ARCH = YES;
				SDKROOT = iphoneos;
				SWIFT_OPTIMIZATION_LEVEL = "-Onone";
				TARGETED_DEVICE_FAMILY = "1,2";
			};
			name = Debug;
		};
		C43B1A0A1B44F3DB002F9F7E /* Release */ = {
			isa = XCBuildConfiguration;
			buildSettings = {
				ALWAYS_SEARCH_USER_PATHS = NO;
				CLANG_CXX_LANGUAGE_STANDARD = "gnu++0x";
				CLANG_CXX_LIBRARY = "libc++";
				CLANG_ENABLE_MODULES = YES;
				CLANG_ENABLE_OBJC_ARC = YES;
				CLANG_WARN_BOOL_CONVERSION = YES;
				CLANG_WARN_CONSTANT_CONVERSION = YES;
				CLANG_WARN_DIRECT_OBJC_ISA_USAGE = YES_ERROR;
				CLANG_WARN_EMPTY_BODY = YES;
				CLANG_WARN_ENUM_CONVERSION = YES;
				CLANG_WARN_INT_CONVERSION = YES;
				CLANG_WARN_OBJC_ROOT_CLASS = YES_ERROR;
				CLANG_WARN_UNREACHABLE_CODE = YES;
				CLANG_WARN__DUPLICATE_METHOD_MATCH = YES;
				"CODE_SIGN_IDENTITY[sdk=iphoneos*]" = "iPhone Developer";
				COPY_PHASE_STRIP = NO;
				DEBUG_INFORMATION_FORMAT = "dwarf-with-dsym";
				ENABLE_NS_ASSERTIONS = NO;
				ENABLE_STRICT_OBJC_MSGSEND = YES;
				GCC_C_LANGUAGE_STANDARD = gnu99;
				GCC_NO_COMMON_BLOCKS = YES;
				GCC_WARN_64_TO_32_BIT_CONVERSION = YES;
				GCC_WARN_ABOUT_RETURN_TYPE = YES_ERROR;
				GCC_WARN_UNDECLARED_SELECTOR = YES;
				GCC_WARN_UNINITIALIZED_AUTOS = YES_AGGRESSIVE;
				GCC_WARN_UNUSED_FUNCTION = YES;
				GCC_WARN_UNUSED_VARIABLE = YES;
				IPHONEOS_DEPLOYMENT_TARGET = 8.3;
				MTL_ENABLE_DEBUG_INFO = NO;
				SDKROOT = iphoneos;
				TARGETED_DEVICE_FAMILY = "1,2";
				VALIDATE_PRODUCT = YES;
			};
			name = Release;
		};
		C43B1A0C1B44F3DB002F9F7E /* Debug */ = {
			isa = XCBuildConfiguration;
			buildSettings = {
				ASSETCATALOG_COMPILER_APPICON_NAME = AppIcon;
				INFOPLIST_FILE = Postcard1/Info.plist;
				LD_RUNPATH_SEARCH_PATHS = "$(inherited) @executable_path/Frameworks";
				PRODUCT_NAME = "$(TARGET_NAME)";
			};
			name = Debug;
		};
		C43B1A0D1B44F3DB002F9F7E /* Release */ = {
			isa = XCBuildConfiguration;
			buildSettings = {
				ASSETCATALOG_COMPILER_APPICON_NAME = AppIcon;
				INFOPLIST_FILE = Postcard1/Info.plist;
				LD_RUNPATH_SEARCH_PATHS = "$(inherited) @executable_path/Frameworks";
				PRODUCT_NAME = "$(TARGET_NAME)";
			};
			name = Release;
		};
		C43B1A0F1B44F3DB002F9F7E /* Debug */ = {
			isa = XCBuildConfiguration;
			buildSettings = {
				BUNDLE_LOADER = "$(TEST_HOST)";
				FRAMEWORK_SEARCH_PATHS = (
					"$(SDKROOT)/Developer/Library/Frameworks",
					"$(inherited)",
				);
				GCC_PREPROCESSOR_DEFINITIONS = (
					"DEBUG=1",
					"$(inherited)",
				);
				INFOPLIST_FILE = Postcard1Tests/Info.plist;
				LD_RUNPATH_SEARCH_PATHS = "$(inherited) @executable_path/Frameworks @loader_path/Frameworks";
				PRODUCT_NAME = "$(TARGET_NAME)";
				TEST_HOST = "$(BUILT_PRODUCTS_DIR)/Postcard1.app/Postcard1";
			};
			name = Debug;
		};
		C43B1A101B44F3DB002F9F7E /* Release */ = {
			isa = XCBuildConfiguration;
			buildSettings = {
				BUNDLE_LOADER = "$(TEST_HOST)";
				FRAMEWORK_SEARCH_PATHS = (
					"$(SDKROOT)/Developer/Library/Frameworks",
					"$(inherited)",
				);
				INFOPLIST_FILE = Postcard1Tests/Info.plist;
				LD_RUNPATH_SEARCH_PATHS = "$(inherited) @executable_path/Frameworks @loader_path/Frameworks";
				PRODUCT_NAME = "$(TARGET_NAME)";
				TEST_HOST = "$(BUILT_PRODUCTS_DIR)/Postcard1.app/Postcard1";
			};
			name = Release;
		};
/* End XCBuildConfiguration section */

/* Begin XCConfigurationList section */
		C43B19E71B44F3DB002F9F7E /* Build configuration list for PBXProject "Postcard1" */ = {
			isa = XCConfigurationList;
			buildConfigurations = (
				C43B1A091B44F3DB002F9F7E /* Debug */,
				C43B1A0A1B44F3DB002F9F7E /* Release */,
			);
			defaultConfigurationIsVisible = 0;
			defaultConfigurationName = Release;
		};
		C43B1A0B1B44F3DB002F9F7E /* Build configuration list for PBXNativeTarget "Postcard1" */ = {
			isa = XCConfigurationList;
			buildConfigurations = (
				C43B1A0C1B44F3DB002F9F7E /* Debug */,
				C43B1A0D1B44F3DB002F9F7E /* Release */,
			);
			defaultConfigurationIsVisible = 0;
		};
		C43B1A0E1B44F3DB002F9F7E /* Build configuration list for PBXNativeTarget "Postcard1Tests" */ = {
			isa = XCConfigurationList;
			buildConfigurations = (
				C43B1A0F1B44F3DB002F9F7E /* Debug */,
				C43B1A101B44F3DB002F9F7E /* Release */,
			);
			defaultConfigurationIsVisible = 0;
		};
/* End XCConfigurationList section */
	};
	rootObject = C43B19E41B44F3DB002F9F7E /* Project object */;
}
